
Microsoft Visual Studio Solution File, Format Version 12.00
# Visual Studio Version 16
VisualStudioVersion = 16.0.30907.101
MinimumVisualStudioVersion = 10.0.40219.1
Project("{9A19103F-16F7-4668-BE54-9A1E7A4F7556}") = "HelloWorld", "HelloWorld.csproj", "{62B16C12-A1D7-4268-8FD2-CEA3DD582AB9}"
EndProject
Global
	GlobalSection(SolutionConfigurationPlatforms) = preSolution
		Debug|Any CPU = Debug|Any CPU
		Release|Any CPU = Release|Any CPU
	EndGlobalSection
	GlobalSection(ProjectConfigurationPlatforms) = postSolution
		{62B16C12-A1D7-4268-8FD2-CEA3DD582AB9}.Debug|Any CPU.ActiveCfg = Debug|Any CPU
		{62B16C12-A1D7-4268-8FD2-CEA3DD582AB9}.Debug|Any CPU.Build.0 = Debug|Any CPU
		{62B16C12-A1D7-4268-8FD2-CEA3DD582AB9}.Release|Any CPU.ActiveCfg = Release|Any CPU
		{62B16C12-A1D7-4268-8FD2-CEA3DD582AB9}.Release|Any CPU.Build.0 = Release|Any CPU
	EndGlobalSection
	GlobalSection(SolutionProperties) = preSolution
		HideSolutionNode = FALSE
	EndGlobalSection
	GlobalSection(ExtensibilityGlobals) = postSolution
		SolutionGuid = {2AA8673C-CB8B-4DAF-862B-8FD0D8CB3070}
	EndGlobalSection
EndGlobal
